
Microsoft Visual Studio Solution File, Format Version 12.00
# Visual Studio Version 16
VisualStudioVersion = 16.0.31205.134
MinimumVisualStudioVersion = 10.0.40219.1
Project("{9A19103F-16F7-4668-BE54-9A1E7A4F7556}") = "SourceGeneration.Mvvm", "SourceGeneration.Mvvm\SourceGeneration.Mvvm.csproj", "{F51659AA-511D-4761-BAFA-9497AF3DCCCB}"
EndProject
Project("{9A19103F-16F7-4668-BE54-9A1E7A4F7556}") = "SourceGeneration.Mvvm.Sample", "SourceGeneration.Mvvm.Sample\SourceGeneration.Mvvm.Sample.csproj", "{3219FFD9-4632-405A-965E-3A7E2A6D4EED}"
EndProject
Global
	GlobalSection(SolutionConfigurationPlatforms) = preSolution
		Debug|Any CPU = Debug|Any CPU
		Release|Any CPU = Release|Any CPU
	EndGlobalSection
	GlobalSection(ProjectConfigurationPlatforms) = postSolution
		{F51659AA-511D-4761-BAFA-9497AF3DCCCB}.Debug|Any CPU.ActiveCfg = Debug|Any CPU
		{F51659AA-511D-4761-BAFA-9497AF3DCCCB}.Debug|Any CPU.Build.0 = Debug|Any CPU
		{F51659AA-511D-4761-BAFA-9497AF3DCCCB}.Release|Any CPU.ActiveCfg = Release|Any CPU
		{F51659AA-511D-4761-BAFA-9497AF3DCCCB}.Release|Any CPU.Build.0 = Release|Any CPU
		{3219FFD9-4632-405A-965E-3A7E2A6D4EED}.Debug|Any CPU.ActiveCfg = Debug|Any CPU
		{3219FFD9-4632-405A-965E-3A7E2A6D4EED}.Debug|Any CPU.Build.0 = Debug|Any CPU
		{3219FFD9-4632-405A-965E-3A7E2A6D4EED}.Release|Any CPU.ActiveCfg = Release|Any CPU
		{3219FFD9-4632-405A-965E-3A7E2A6D4EED}.Release|Any CPU.Build.0 = Release|Any CPU
	EndGlobalSection
	GlobalSection(SolutionProperties) = preSolution
		HideSolutionNode = FALSE
	EndGlobalSection
	GlobalSection(ExtensibilityGlobals) = postSolution
		SolutionGuid = {661CC49C-C1D0-477D-8A9D-09137E47C1B8}
	EndGlobalSection
EndGlobal
